[[package]]
name = 'contract_message_predicate'
source = 'member'
dependencies = ['std']

[[package]]
name = 'contract_message_receiver'
source = 'member'
dependencies = ['std']

[[package]]
name = 'contract_message_script'
source = 'member'
dependencies = [
    'contract_message_receiver',
    'std',
]

[[package]]
name = 'contract_message_test'
source = 'member'
dependencies = [
    'contract_message_receiver',
    'std',
]

[[package]]
name = 'core'
source = 'path+from-root-3CB3840D8F59CE00'

[[package]]
name = 'std'
source = 'git+https://github.com/fuellabs/sway?rev#6b3ae49f934255d22ac1d31a179316f0e8749153'
dependencies = ['core']
