[[package]]
name = 'contract_message_receiver'
source = 'member'
dependencies = ['std']

[[package]]
name = 'contract_message_test'
source = 'member'
dependencies = [
    'contract_message_receiver',
    'std',
]

[[package]]
name = 'core'
source = 'path+from-root-22218CE4FB1398CF'

[[package]]
name = 'std'
source = 'git+https://github.com/fuellabs/sway?tag=v0.40.0#164c7c8bea3ce264581058d4165df71ee761e0b3'
dependencies = ['core']
