[[package]]
name = 'contract_message_receiver'
source = 'path+from-root-933B6D22BD4A72D1'
dependencies = ['std']

[[package]]
name = 'contract_message_test'
source = 'root'
dependencies = [
    'contract_message_receiver',
    'std',
]

[[package]]
name = 'core'
source = 'path+from-root-FD2B3C127A83CF65'
dependencies = []

[[package]]
name = 'std'
source = 'git+https://github.com/fuellabs/sway?tag=v0.22.1#c486eabc3ed4d8c53b63735188f2c1db5d17703c'
dependencies = ['core']
